
Microsoft Visual Studio Solution File, Format Version 12.00
# Visual Studio 15
VisualStudioVersion = 15.0.28307.438
MinimumVisualStudioVersion = 10.0.40219.1
Project("{FAE04EC0-301F-11D3-BF4B-00C04F79EFBC}") = "LetsTattoo.Android", "LetsTattoo\LetsTattoo.Android\LetsTattoo.Android.csproj", "{95367B7E-4439-4958-A66B-835EA0B1D016}"
EndProject
Project("{FAE04EC0-301F-11D3-BF4B-00C04F79EFBC}") = "LetsTattoo.iOS", "LetsTattoo\LetsTattoo.iOS\LetsTattoo.iOS.csproj", "{7E81A7F3-5904-41BF-BBFC-FF51537E509F}"
EndProject
Project("{FAE04EC0-301F-11D3-BF4B-00C04F79EFBC}") = "LetsTattoo", "LetsTattoo\LetsTattoo\LetsTattoo.csproj", "{6F5A12CD-D174-4839-A763-A7A2E6D625D0}"
EndProject
Project("{FAE04EC0-301F-11D3-BF4B-00C04F79EFBC}") = "LetsTatto.Backend", "LetsTatto.Backend\LetsTatto.Backend.csproj", "{C2760751-ED3A-4637-93E4-D1B734594FA7}"
EndProject
Project("{FAE04EC0-301F-11D3-BF4B-00C04F79EFBC}") = "LetsTatto.API", "LetsTatto.API\LetsTatto.API.csproj", "{38045A4A-915A-48AE-B0C3-357F6615E847}"
EndProject
Project("{FAE04EC0-301F-11D3-BF4B-00C04F79EFBC}") = "LetsTatto.Domain", "LetsTatto.Domain\LetsTatto.Domain.csproj", "{DCB2832A-8F12-4433-845B-0FABF9E3DF45}"
EndProject
Project("{FAE04EC0-301F-11D3-BF4B-00C04F79EFBC}") = "LetsTatto.Common", "LetsTatto.Common\LetsTatto.Common.csproj", "{6A66959D-FEAA-4928-8610-E4686BFF402F}"
EndProject
Global
	GlobalSection(SolutionConfigurationPlatforms) = preSolution
		Ad-Hoc|Any CPU = Ad-Hoc|Any CPU
		Ad-Hoc|iPhone = Ad-Hoc|iPhone
		Ad-Hoc|iPhoneSimulator = Ad-Hoc|iPhoneSimulator
		AppStore|Any CPU = AppStore|Any CPU
		AppStore|iPhone = AppStore|iPhone
		AppStore|iPhoneSimulator = AppStore|iPhoneSimulator
		Debug|Any CPU = Debug|Any CPU
		Debug|iPhone = Debug|iPhone
		Debug|iPhoneSimulator = Debug|iPhoneSimulator
		Release|Any CPU = Release|Any CPU
		Release|iPhone = Release|iPhone
		Release|iPhoneSimulator = Release|iPhoneSimulator
	EndGlobalSection
	GlobalSection(ProjectConfigurationPlatforms) = postSolution
		{95367B7E-4439-4958-A66B-835EA0B1D016}.Ad-Hoc|Any CPU.ActiveCfg = Release|Any CPU
		{95367B7E-4439-4958-A66B-835EA0B1D016}.Ad-Hoc|Any CPU.Build.0 = Release|Any CPU
		{95367B7E-4439-4958-A66B-835EA0B1D016}.Ad-Hoc|Any CPU.Deploy.0 = Release|Any CPU
		{95367B7E-4439-4958-A66B-835EA0B1D016}.Ad-Hoc|iPhone.ActiveCfg = Release|Any CPU
		{95367B7E-4439-4958-A66B-835EA0B1D016}.Ad-Hoc|iPhone.Build.0 = Release|Any CPU
		{95367B7E-4439-4958-A66B-835EA0B1D016}.Ad-Hoc|iPhone.Deploy.0 = Release|Any CPU
		{95367B7E-4439-4958-A66B-835EA0B1D016}.Ad-Hoc|iPhoneSimulator.ActiveCfg = Release|Any CPU
		{95367B7E-4439-4958-A66B-835EA0B1D016}.Ad-Hoc|iPhoneSimulator.Build.0 = Release|Any CPU
		{95367B7E-4439-4958-A66B-835EA0B1D016}.Ad-Hoc|iPhoneSimulator.Deploy.0 = Release|Any CPU
		{95367B7E-4439-4958-A66B-835EA0B1D016}.AppStore|Any CPU.ActiveCfg = Release|Any CPU
		{95367B7E-4439-4958-A66B-835EA0B1D016}.AppStore|Any CPU.Build.0 = Release|Any CPU
		{95367B7E-4439-4958-A66B-835EA0B1D016}.AppStore|Any CPU.Deploy.0 = Release|Any CPU
		{95367B7E-4439-4958-A66B-835EA0B1D016}.AppStore|iPhone.ActiveCfg = Release|Any CPU
		{95367B7E-4439-4958-A66B-835EA0B1D016}.AppStore|iPhone.Build.0 = Release|Any CPU
		{95367B7E-4439-4958-A66B-835EA0B1D016}.AppStore|iPhone.Deploy.0 = Release|Any CPU
		{95367B7E-4439-4958-A66B-835EA0B1D016}.AppStore|iPhoneSimulator.ActiveCfg = Release|Any CPU
		{95367B7E-4439-4958-A66B-835EA0B1D016}.AppStore|iPhoneSimulator.Build.0 = Release|Any CPU
		{95367B7E-4439-4958-A66B-835EA0B1D016}.AppStore|iPhoneSimulator.Deploy.0 = Release|Any CPU
		{95367B7E-4439-4958-A66B-835EA0B1D016}.Debug|Any CPU.ActiveCfg = Debug|Any CPU
		{95367B7E-4439-4958-A66B-835EA0B1D016}.Debug|Any CPU.Build.0 = Debug|Any CPU
		{95367B7E-4439-4958-A66B-835EA0B1D016}.Debug|Any CPU.Deploy.0 = Debug|Any CPU
		{95367B7E-4439-4958-A66B-835EA0B1D016}.Debug|iPhone.ActiveCfg = Debug|Any CPU
		{95367B7E-4439-4958-A66B-835EA0B1D016}.Debug|iPhone.Build.0 = Debug|Any CPU
		{95367B7E-4439-4958-A66B-835EA0B1D016}.Debug|iPhone.Deploy.0 = Debug|Any CPU
		{95367B7E-4439-4958-A66B-835EA0B1D016}.Debug|iPhoneSimulator.ActiveCfg = Debug|Any CPU
		{95367B7E-4439-4958-A66B-835EA0B1D016}.Debug|iPhoneSimulator.Build.0 = Debug|Any CPU
		{95367B7E-4439-4958-A66B-835EA0B1D016}.Debug|iPhoneSimulator.Deploy.0 = Debug|Any CPU
		{95367B7E-4439-4958-A66B-835EA0B1D016}.Release|Any CPU.ActiveCfg = Release|Any CPU
		{95367B7E-4439-4958-A66B-835EA0B1D016}.Release|Any CPU.Build.0 = Release|Any CPU
		{95367B7E-4439-4958-A66B-835EA0B1D016}.Release|Any CPU.Deploy.0 = Release|Any CPU
		{95367B7E-4439-4958-A66B-835EA0B1D016}.Release|iPhone.ActiveCfg = Release|Any CPU
		{95367B7E-4439-4958-A66B-835EA0B1D016}.Release|iPhone.Build.0 = Release|Any CPU
		{95367B7E-4439-4958-A66B-835EA0B1D016}.Release|iPhone.Deploy.0 = Release|Any CPU
		{95367B7E-4439-4958-A66B-835EA0B1D016}.Release|iPhoneSimulator.ActiveCfg = Release|Any CPU
		{95367B7E-4439-4958-A66B-835EA0B1D016}.Release|iPhoneSimulator.Build.0 = Release|Any CPU
		{95367B7E-4439-4958-A66B-835EA0B1D016}.Release|iPhoneSimulator.Deploy.0 = Release|Any CPU
		{7E81A7F3-5904-41BF-BBFC-FF51537E509F}.Ad-Hoc|Any CPU.ActiveCfg = Ad-Hoc|iPhone
		{7E81A7F3-5904-41BF-BBFC-FF51537E509F}.Ad-Hoc|Any CPU.Build.0 = Ad-Hoc|iPhone
		{7E81A7F3-5904-41BF-BBFC-FF51537E509F}.Ad-Hoc|Any CPU.Deploy.0 = Ad-Hoc|iPhone
		{7E81A7F3-5904-41BF-BBFC-FF51537E509F}.Ad-Hoc|iPhone.ActiveCfg = Ad-Hoc|iPhone
		{7E81A7F3-5904-41BF-BBFC-FF51537E509F}.Ad-Hoc|iPhone.Build.0 = Ad-Hoc|iPhone
		{7E81A7F3-5904-41BF-BBFC-FF51537E509F}.Ad-Hoc|iPhone.Deploy.0 = Ad-Hoc|iPhone
		{7E81A7F3-5904-41BF-BBFC-FF51537E509F}.Ad-Hoc|iPhoneSimulator.ActiveCfg = Ad-Hoc|iPhoneSimulator
		{7E81A7F3-5904-41BF-BBFC-FF51537E509F}.Ad-Hoc|iPhoneSimulator.Build.0 = Ad-Hoc|iPhoneSimulator
		{7E81A7F3-5904-41BF-BBFC-FF51537E509F}.Ad-Hoc|iPhoneSimulator.Deploy.0 = Ad-Hoc|iPhoneSimulator
		{7E81A7F3-5904-41BF-BBFC-FF51537E509F}.AppStore|Any CPU.ActiveCfg = AppStore|iPhone
		{7E81A7F3-5904-41BF-BBFC-FF51537E509F}.AppStore|Any CPU.Build.0 = AppStore|iPhone
		{7E81A7F3-5904-41BF-BBFC-FF51537E509F}.AppStore|Any CPU.Deploy.0 = AppStore|iPhone
		{7E81A7F3-5904-41BF-BBFC-FF51537E509F}.AppStore|iPhone.ActiveCfg = AppStore|iPhone
		{7E81A7F3-5904-41BF-BBFC-FF51537E509F}.AppStore|iPhone.Build.0 = AppStore|iPhone
		{7E81A7F3-5904-41BF-BBFC-FF51537E509F}.AppStore|iPhone.Deploy.0 = AppStore|iPhone
		{7E81A7F3-5904-41BF-BBFC-FF51537E509F}.AppStore|iPhoneSimulator.ActiveCfg = AppStore|iPhoneSimulator
		{7E81A7F3-5904-41BF-BBFC-FF51537E509F}.AppStore|iPhoneSimulator.Build.0 = AppStore|iPhoneSimulator
		{7E81A7F3-5904-41BF-BBFC-FF51537E509F}.AppStore|iPhoneSimulator.Deploy.0 = AppStore|iPhoneSimulator
		{7E81A7F3-5904-41BF-BBFC-FF51537E509F}.Debug|Any CPU.ActiveCfg = Debug|iPhoneSimulator
		{7E81A7F3-5904-41BF-BBFC-FF51537E509F}.Debug|Any CPU.Build.0 = Debug|iPhoneSimulator
		{7E81A7F3-5904-41BF-BBFC-FF51537E509F}.Debug|Any CPU.Deploy.0 = Debug|iPhoneSimulator
		{7E81A7F3-5904-41BF-BBFC-FF51537E509F}.Debug|iPhone.ActiveCfg = Debug|iPhone
		{7E81A7F3-5904-41BF-BBFC-FF51537E509F}.Debug|iPhone.Build.0 = Debug|iPhone
		{7E81A7F3-5904-41BF-BBFC-FF51537E509F}.Debug|iPhone.Deploy.0 = Debug|iPhone
		{7E81A7F3-5904-41BF-BBFC-FF51537E509F}.Debug|iPhoneSimulator.ActiveCfg = Debug|iPhoneSimulator
		{7E81A7F3-5904-41BF-BBFC-FF51537E509F}.Debug|iPhoneSimulator.Build.0 = Debug|iPhoneSimulator
		{7E81A7F3-5904-41BF-BBFC-FF51537E509F}.Debug|iPhoneSimulator.Deploy.0 = Debug|iPhoneSimulator
		{7E81A7F3-5904-41BF-BBFC-FF51537E509F}.Release|Any CPU.ActiveCfg = Release|iPhone
		{7E81A7F3-5904-41BF-BBFC-FF51537E509F}.Release|Any CPU.Build.0 = Release|iPhone
		{7E81A7F3-5904-41BF-BBFC-FF51537E509F}.Release|Any CPU.Deploy.0 = Release|iPhone
		{7E81A7F3-5904-41BF-BBFC-FF51537E509F}.Release|iPhone.ActiveCfg = Release|iPhone
		{7E81A7F3-5904-41BF-BBFC-FF51537E509F}.Release|iPhone.Build.0 = Release|iPhone
		{7E81A7F3-5904-41BF-BBFC-FF51537E509F}.Release|iPhone.Deploy.0 = Release|iPhone
		{7E81A7F3-5904-41BF-BBFC-FF51537E509F}.Release|iPhoneSimulator.ActiveCfg = Release|iPhoneSimulator
		{7E81A7F3-5904-41BF-BBFC-FF51537E509F}.Release|iPhoneSimulator.Build.0 = Release|iPhoneSimulator
		{7E81A7F3-5904-41BF-BBFC-FF51537E509F}.Release|iPhoneSimulator.Deploy.0 = Release|iPhoneSimulator
		{6F5A12CD-D174-4839-A763-A7A2E6D625D0}.Ad-Hoc|Any CPU.ActiveCfg = Debug|Any CPU
		{6F5A12CD-D174-4839-A763-A7A2E6D625D0}.Ad-Hoc|Any CPU.Build.0 = Debug|Any CPU
		{6F5A12CD-D174-4839-A763-A7A2E6D625D0}.Ad-Hoc|Any CPU.Deploy.0 = Debug|Any CPU
		{6F5A12CD-D174-4839-A763-A7A2E6D625D0}.Ad-Hoc|iPhone.ActiveCfg = Debug|Any CPU
		{6F5A12CD-D174-4839-A763-A7A2E6D625D0}.Ad-Hoc|iPhone.Build.0 = Debug|Any CPU
		{6F5A12CD-D174-4839-A763-A7A2E6D625D0}.Ad-Hoc|iPhone.Deploy.0 = Debug|Any CPU
		{6F5A12CD-D174-4839-A763-A7A2E6D625D0}.Ad-Hoc|iPhoneSimulator.ActiveCfg = Debug|Any CPU
		{6F5A12CD-D174-4839-A763-A7A2E6D625D0}.Ad-Hoc|iPhoneSimulator.Build.0 = Debug|Any CPU
		{6F5A12CD-D174-4839-A763-A7A2E6D625D0}.Ad-Hoc|iPhoneSimulator.Deploy.0 = Debug|Any CPU
		{6F5A12CD-D174-4839-A763-A7A2E6D625D0}.AppStore|Any CPU.ActiveCfg = Debug|Any CPU
		{6F5A12CD-D174-4839-A763-A7A2E6D625D0}.AppStore|Any CPU.Build.0 = Debug|Any CPU
		{6F5A12CD-D174-4839-A763-A7A2E6D625D0}.AppStore|Any CPU.Deploy.0 = Debug|Any CPU
		{6F5A12CD-D174-4839-A763-A7A2E6D625D0}.AppStore|iPhone.ActiveCfg = Debug|Any CPU
		{6F5A12CD-D174-4839-A763-A7A2E6D625D0}.AppStore|iPhone.Build.0 = Debug|Any CPU
		{6F5A12CD-D174-4839-A763-A7A2E6D625D0}.AppStore|iPhone.Deploy.0 = Debug|Any CPU
		{6F5A12CD-D174-4839-A763-A7A2E6D625D0}.AppStore|iPhoneSimulator.ActiveCfg = Debug|Any CPU
		{6F5A12CD-D174-4839-A763-A7A2E6D625D0}.AppStore|iPhoneSimulator.Build.0 = Debug|Any CPU
		{6F5A12CD-D174-4839-A763-A7A2E6D625D0}.AppStore|iPhoneSimulator.Deploy.0 = Debug|Any CPU
		{6F5A12CD-D174-4839-A763-A7A2E6D625D0}.Debug|Any CPU.ActiveCfg = Debug|Any CPU
		{6F5A12CD-D174-4839-A763-A7A2E6D625D0}.Debug|Any CPU.Build.0 = Debug|Any CPU
		{6F5A12CD-D174-4839-A763-A7A2E6D625D0}.Debug|Any CPU.Deploy.0 = Debug|Any CPU
		{6F5A12CD-D174-4839-A763-A7A2E6D625D0}.Debug|iPhone.ActiveCfg = Debug|Any CPU
		{6F5A12CD-D174-4839-A763-A7A2E6D625D0}.Debug|iPhone.Build.0 = Debug|Any CPU
		{6F5A12CD-D174-4839-A763-A7A2E6D625D0}.Debug|iPhone.Deploy.0 = Debug|Any CPU
		{6F5A12CD-D174-4839-A763-A7A2E6D625D0}.Debug|iPhoneSimulator.ActiveCfg = Debug|Any CPU
		{6F5A12CD-D174-4839-A763-A7A2E6D625D0}.Debug|iPhoneSimulator.Build.0 = Debug|Any CPU
		{6F5A12CD-D174-4839-A763-A7A2E6D625D0}.Debug|iPhoneSimulator.Deploy.0 = Debug|Any CPU
		{6F5A12CD-D174-4839-A763-A7A2E6D625D0}.Release|Any CPU.ActiveCfg = Release|Any CPU
		{6F5A12CD-D174-4839-A763-A7A2E6D625D0}.Release|Any CPU.Build.0 = Release|Any CPU
		{6F5A12CD-D174-4839-A763-A7A2E6D625D0}.Release|Any CPU.Deploy.0 = Release|Any CPU
		{6F5A12CD-D174-4839-A763-A7A2E6D625D0}.Release|iPhone.ActiveCfg = Release|Any CPU
		{6F5A12CD-D174-4839-A763-A7A2E6D625D0}.Release|iPhone.Build.0 = Release|Any CPU
		{6F5A12CD-D174-4839-A763-A7A2E6D625D0}.Release|iPhone.Deploy.0 = Release|Any CPU
		{6F5A12CD-D174-4839-A763-A7A2E6D625D0}.Release|iPhoneSimulator.ActiveCfg = Release|Any CPU
		{6F5A12CD-D174-4839-A763-A7A2E6D625D0}.Release|iPhoneSimulator.Build.0 = Release|Any CPU
		{6F5A12CD-D174-4839-A763-A7A2E6D625D0}.Release|iPhoneSimulator.Deploy.0 = Release|Any CPU
		{C2760751-ED3A-4637-93E4-D1B734594FA7}.Ad-Hoc|Any CPU.ActiveCfg = Release|Any CPU
		{C2760751-ED3A-4637-93E4-D1B734594FA7}.Ad-Hoc|Any CPU.Build.0 = Release|Any CPU
		{C2760751-ED3A-4637-93E4-D1B734594FA7}.Ad-Hoc|iPhone.ActiveCfg = Release|Any CPU
		{C2760751-ED3A-4637-93E4-D1B734594FA7}.Ad-Hoc|iPhone.Build.0 = Release|Any CPU
		{C2760751-ED3A-4637-93E4-D1B734594FA7}.Ad-Hoc|iPhoneSimulator.ActiveCfg = Release|Any CPU
		{C2760751-ED3A-4637-93E4-D1B734594FA7}.Ad-Hoc|iPhoneSimulator.Build.0 = Release|Any CPU
		{C2760751-ED3A-4637-93E4-D1B734594FA7}.AppStore|Any CPU.ActiveCfg = Release|Any CPU
		{C2760751-ED3A-4637-93E4-D1B734594FA7}.AppStore|Any CPU.Build.0 = Release|Any CPU
		{C2760751-ED3A-4637-93E4-D1B734594FA7}.AppStore|iPhone.ActiveCfg = Release|Any CPU
		{C2760751-ED3A-4637-93E4-D1B734594FA7}.AppStore|iPhone.Build.0 = Release|Any CPU
		{C2760751-ED3A-4637-93E4-D1B734594FA7}.AppStore|iPhoneSimulator.ActiveCfg = Release|Any CPU
		{C2760751-ED3A-4637-93E4-D1B734594FA7}.AppStore|iPhoneSimulator.Build.0 = Release|Any CPU
		{C2760751-ED3A-4637-93E4-D1B734594FA7}.Debug|Any CPU.ActiveCfg = Debug|Any CPU
		{C2760751-ED3A-4637-93E4-D1B734594FA7}.Debug|Any CPU.Build.0 = Debug|Any CPU
		{C2760751-ED3A-4637-93E4-D1B734594FA7}.Debug|iPhone.ActiveCfg = Debug|Any CPU
		{C2760751-ED3A-4637-93E4-D1B734594FA7}.Debug|iPhone.Build.0 = Debug|Any CPU
		{C2760751-ED3A-4637-93E4-D1B734594FA7}.Debug|iPhoneSimulator.ActiveCfg = Debug|Any CPU
		{C2760751-ED3A-4637-93E4-D1B734594FA7}.Debug|iPhoneSimulator.Build.0 = Debug|Any CPU
		{C2760751-ED3A-4637-93E4-D1B734594FA7}.Release|Any CPU.ActiveCfg = Release|Any CPU
		{C2760751-ED3A-4637-93E4-D1B734594FA7}.Release|Any CPU.Build.0 = Release|Any CPU
		{C2760751-ED3A-4637-93E4-D1B734594FA7}.Release|iPhone.ActiveCfg = Release|Any CPU
		{C2760751-ED3A-4637-93E4-D1B734594FA7}.Release|iPhone.Build.0 = Release|Any CPU
		{C2760751-ED3A-4637-93E4-D1B734594FA7}.Release|iPhoneSimulator.ActiveCfg = Release|Any CPU
		{C2760751-ED3A-4637-93E4-D1B734594FA7}.Release|iPhoneSimulator.Build.0 = Release|Any CPU
		{38045A4A-915A-48AE-B0C3-357F6615E847}.Ad-Hoc|Any CPU.ActiveCfg = Release|Any CPU
		{38045A4A-915A-48AE-B0C3-357F6615E847}.Ad-Hoc|Any CPU.Build.0 = Release|Any CPU
		{38045A4A-915A-48AE-B0C3-357F6615E847}.Ad-Hoc|iPhone.ActiveCfg = Release|Any CPU
		{38045A4A-915A-48AE-B0C3-357F6615E847}.Ad-Hoc|iPhone.Build.0 = Release|Any CPU
		{38045A4A-915A-48AE-B0C3-357F6615E847}.Ad-Hoc|iPhoneSimulator.ActiveCfg = Release|Any CPU
		{38045A4A-915A-48AE-B0C3-357F6615E847}.Ad-Hoc|iPhoneSimulator.Build.0 = Release|Any CPU
		{38045A4A-915A-48AE-B0C3-357F6615E847}.AppStore|Any CPU.ActiveCfg = Release|Any CPU
		{38045A4A-915A-48AE-B0C3-357F6615E847}.AppStore|Any CPU.Build.0 = Release|Any CPU
		{38045A4A-915A-48AE-B0C3-357F6615E847}.AppStore|iPhone.ActiveCfg = Release|Any CPU
		{38045A4A-915A-48AE-B0C3-357F6615E847}.AppStore|iPhone.Build.0 = Release|Any CPU
		{38045A4A-915A-48AE-B0C3-357F6615E847}.AppStore|iPhoneSimulator.ActiveCfg = Release|Any CPU
		{38045A4A-915A-48AE-B0C3-357F6615E847}.AppStore|iPhoneSimulator.Build.0 = Release|Any CPU
		{38045A4A-915A-48AE-B0C3-357F6615E847}.Debug|Any CPU.ActiveCfg = Debug|Any CPU
		{38045A4A-915A-48AE-B0C3-357F6615E847}.Debug|Any CPU.Build.0 = Debug|Any CPU
		{38045A4A-915A-48AE-B0C3-357F6615E847}.Debug|iPhone.ActiveCfg = Debug|Any CPU
		{38045A4A-915A-48AE-B0C3-357F6615E847}.Debug|iPhone.Build.0 = Debug|Any CPU
		{38045A4A-915A-48AE-B0C3-357F6615E847}.Debug|iPhoneSimulator.ActiveCfg = Debug|Any CPU
		{38045A4A-915A-48AE-B0C3-357F6615E847}.Debug|iPhoneSimulator.Build.0 = Debug|Any CPU
		{38045A4A-915A-48AE-B0C3-357F6615E847}.Release|Any CPU.ActiveCfg = Release|Any CPU
		{38045A4A-915A-48AE-B0C3-357F6615E847}.Release|Any CPU.Build.0 = Release|Any CPU
		{38045A4A-915A-48AE-B0C3-357F6615E847}.Release|iPhone.ActiveCfg = Release|Any CPU
		{38045A4A-915A-48AE-B0C3-357F6615E847}.Release|iPhone.Build.0 = Release|Any CPU
		{38045A4A-915A-48AE-B0C3-357F6615E847}.Release|iPhoneSimulator.ActiveCfg = Release|Any CPU
		{38045A4A-915A-48AE-B0C3-357F6615E847}.Release|iPhoneSimulator.Build.0 = Release|Any CPU
		{DCB2832A-8F12-4433-845B-0FABF9E3DF45}.Ad-Hoc|Any CPU.ActiveCfg = Release|Any CPU
		{DCB2832A-8F12-4433-845B-0FABF9E3DF45}.Ad-Hoc|Any CPU.Build.0 = Release|Any CPU
		{DCB2832A-8F12-4433-845B-0FABF9E3DF45}.Ad-Hoc|iPhone.ActiveCfg = Release|Any CPU
		{DCB2832A-8F12-4433-845B-0FABF9E3DF45}.Ad-Hoc|iPhone.Build.0 = Release|Any CPU
		{DCB2832A-8F12-4433-845B-0FABF9E3DF45}.Ad-Hoc|iPhoneSimulator.ActiveCfg = Release|Any CPU
		{DCB2832A-8F12-4433-845B-0FABF9E3DF45}.Ad-Hoc|iPhoneSimulator.Build.0 = Release|Any CPU
		{DCB2832A-8F12-4433-845B-0FABF9E3DF45}.AppStore|Any CPU.ActiveCfg = Release|Any CPU
		{DCB2832A-8F12-4433-845B-0FABF9E3DF45}.AppStore|Any CPU.Build.0 = Release|Any CPU
		{DCB2832A-8F12-4433-845B-0FABF9E3DF45}.AppStore|iPhone.ActiveCfg = Release|Any CPU
		{DCB2832A-8F12-4433-845B-0FABF9E3DF45}.AppStore|iPhone.Build.0 = Release|Any CPU
		{DCB2832A-8F12-4433-845B-0FABF9E3DF45}.AppStore|iPhoneSimulator.ActiveCfg = Release|Any CPU
		{DCB2832A-8F12-4433-845B-0FABF9E3DF45}.AppStore|iPhoneSimulator.Build.0 = Release|Any CPU
		{DCB2832A-8F12-4433-845B-0FABF9E3DF45}.Debug|Any CPU.ActiveCfg = Debug|Any CPU
		{DCB2832A-8F12-4433-845B-0FABF9E3DF45}.Debug|Any CPU.Build.0 = Debug|Any CPU
		{DCB2832A-8F12-4433-845B-0FABF9E3DF45}.Debug|iPhone.ActiveCfg = Debug|Any CPU
		{DCB2832A-8F12-4433-845B-0FABF9E3DF45}.Debug|iPhone.Build.0 = Debug|Any CPU
		{DCB2832A-8F12-4433-845B-0FABF9E3DF45}.Debug|iPhoneSimulator.ActiveCfg = Debug|Any CPU
		{DCB2832A-8F12-4433-845B-0FABF9E3DF45}.Debug|iPhoneSimulator.Build.0 = Debug|Any CPU
		{DCB2832A-8F12-4433-845B-0FABF9E3DF45}.Release|Any CPU.ActiveCfg = Release|Any CPU
		{DCB2832A-8F12-4433-845B-0FABF9E3DF45}.Release|Any CPU.Build.0 = Release|Any CPU
		{DCB2832A-8F12-4433-845B-0FABF9E3DF45}.Release|iPhone.ActiveCfg = Release|Any CPU
		{DCB2832A-8F12-4433-845B-0FABF9E3DF45}.Release|iPhone.Build.0 = Release|Any CPU
		{DCB2832A-8F12-4433-845B-0FABF9E3DF45}.Release|iPhoneSimulator.ActiveCfg = Release|Any CPU
		{DCB2832A-8F12-4433-845B-0FABF9E3DF45}.Release|iPhoneSimulator.Build.0 = Release|Any CPU
		{6A66959D-FEAA-4928-8610-E4686BFF402F}.Ad-Hoc|Any CPU.ActiveCfg = Release|Any CPU
		{6A66959D-FEAA-4928-8610-E4686BFF402F}.Ad-Hoc|Any CPU.Build.0 = Release|Any CPU
		{6A66959D-FEAA-4928-8610-E4686BFF402F}.Ad-Hoc|iPhone.ActiveCfg = Release|Any CPU
		{6A66959D-FEAA-4928-8610-E4686BFF402F}.Ad-Hoc|iPhone.Build.0 = Release|Any CPU
		{6A66959D-FEAA-4928-8610-E4686BFF402F}.Ad-Hoc|iPhoneSimulator.ActiveCfg = Release|Any CPU
		{6A66959D-FEAA-4928-8610-E4686BFF402F}.Ad-Hoc|iPhoneSimulator.Build.0 = Release|Any CPU
		{6A66959D-FEAA-4928-8610-E4686BFF402F}.AppStore|Any CPU.ActiveCfg = Release|Any CPU
		{6A66959D-FEAA-4928-8610-E4686BFF402F}.AppStore|Any CPU.Build.0 = Release|Any CPU
		{6A66959D-FEAA-4928-8610-E4686BFF402F}.AppStore|iPhone.ActiveCfg = Release|Any CPU
		{6A66959D-FEAA-4928-8610-E4686BFF402F}.AppStore|iPhone.Build.0 = Release|Any CPU
		{6A66959D-FEAA-4928-8610-E4686BFF402F}.AppStore|iPhoneSimulator.ActiveCfg = Release|Any CPU
		{6A66959D-FEAA-4928-8610-E4686BFF402F}.AppStore|iPhoneSimulator.Build.0 = Release|Any CPU
		{6A66959D-FEAA-4928-8610-E4686BFF402F}.Debug|Any CPU.ActiveCfg = Debug|Any CPU
		{6A66959D-FEAA-4928-8610-E4686BFF402F}.Debug|Any CPU.Build.0 = Debug|Any CPU
		{6A66959D-FEAA-4928-8610-E4686BFF402F}.Debug|iPhone.ActiveCfg = Debug|Any CPU
		{6A66959D-FEAA-4928-8610-E4686BFF402F}.Debug|iPhone.Build.0 = Debug|Any CPU
		{6A66959D-FEAA-4928-8610-E4686BFF402F}.Debug|iPhoneSimulator.ActiveCfg = Debug|Any CPU
		{6A66959D-FEAA-4928-8610-E4686BFF402F}.Debug|iPhoneSimulator.Build.0 = Debug|Any CPU
		{6A66959D-FEAA-4928-8610-E4686BFF402F}.Release|Any CPU.ActiveCfg = Release|Any CPU
		{6A66959D-FEAA-4928-8610-E4686BFF402F}.Release|Any CPU.Build.0 = Release|Any CPU
		{6A66959D-FEAA-4928-8610-E4686BFF402F}.Release|iPhone.ActiveCfg = Release|Any CPU
		{6A66959D-FEAA-4928-8610-E4686BFF402F}.Release|iPhone.Build.0 = Release|Any CPU
		{6A66959D-FEAA-4928-8610-E4686BFF402F}.Release|iPhoneSimulator.ActiveCfg = Release|Any CPU
		{6A66959D-FEAA-4928-8610-E4686BFF402F}.Release|iPhoneSimulator.Build.0 = Release|Any CPU
	EndGlobalSection
	GlobalSection(SolutionProperties) = preSolution
		HideSolutionNode = FALSE
	EndGlobalSection
	GlobalSection(ExtensibilityGlobals) = postSolution
		SolutionGuid = {540F89BF-A175-45C3-A0A2-5DB2665FFA9B}
	EndGlobalSection
EndGlobal
